
Microsoft Visual Studio Solution File, Format Version 12.00
# Visual Studio Version 16
VisualStudioVersion = 16.0.30804.86
MinimumVisualStudioVersion = 10.0.40219.1
Project("{9A19103F-16F7-4668-BE54-9A1E7A4F7556}") = "AppConnection", "AppConnection\AppConnection.csproj", "{0B959C66-8A4B-44EE-9888-CE2948A15841}"
EndProject
Project("{9A19103F-16F7-4668-BE54-9A1E7A4F7556}") = "AppEntity", "AppEntity\AppEntity.csproj", "{64489A7D-5A8D-4AC3-A5B4-98AE4E55F405}"
EndProject
Project("{FAE04EC0-301F-11D3-BF4B-00C04F79EFBC}") = "AppMain", "AppMain\AppMain.csproj", "{DE8417FD-EA41-4A82-913B-4A78CAA74E1F}"
EndProject
Project("{FAE04EC0-301F-11D3-BF4B-00C04F79EFBC}") = "WpfApp1", "WpfApp1\WpfApp1.csproj", "{328C1C87-1667-4DB5-BF9D-C6F6146794F9}"
EndProject
Global
	GlobalSection(SolutionConfigurationPlatforms) = preSolution
		Debug|Any CPU = Debug|Any CPU
		Release|Any CPU = Release|Any CPU
	EndGlobalSection
	GlobalSection(ProjectConfigurationPlatforms) = postSolution
		{0B959C66-8A4B-44EE-9888-CE2948A15841}.Debug|Any CPU.ActiveCfg = Debug|Any CPU
		{0B959C66-8A4B-44EE-9888-CE2948A15841}.Debug|Any CPU.Build.0 = Debug|Any CPU
		{0B959C66-8A4B-44EE-9888-CE2948A15841}.Release|Any CPU.ActiveCfg = Release|Any CPU
		{0B959C66-8A4B-44EE-9888-CE2948A15841}.Release|Any CPU.Build.0 = Release|Any CPU
		{64489A7D-5A8D-4AC3-A5B4-98AE4E55F405}.Debug|Any CPU.ActiveCfg = Debug|Any CPU
		{64489A7D-5A8D-4AC3-A5B4-98AE4E55F405}.Debug|Any CPU.Build.0 = Debug|Any CPU
		{64489A7D-5A8D-4AC3-A5B4-98AE4E55F405}.Release|Any CPU.ActiveCfg = Release|Any CPU
		{64489A7D-5A8D-4AC3-A5B4-98AE4E55F405}.Release|Any CPU.Build.0 = Release|Any CPU
		{DE8417FD-EA41-4A82-913B-4A78CAA74E1F}.Debug|Any CPU.ActiveCfg = Debug|Any CPU
		{DE8417FD-EA41-4A82-913B-4A78CAA74E1F}.Debug|Any CPU.Build.0 = Debug|Any CPU
		{DE8417FD-EA41-4A82-913B-4A78CAA74E1F}.Release|Any CPU.ActiveCfg = Release|Any CPU
		{DE8417FD-EA41-4A82-913B-4A78CAA74E1F}.Release|Any CPU.Build.0 = Release|Any CPU
		{328C1C87-1667-4DB5-BF9D-C6F6146794F9}.Debug|Any CPU.ActiveCfg = Debug|Any CPU
		{328C1C87-1667-4DB5-BF9D-C6F6146794F9}.Debug|Any CPU.Build.0 = Debug|Any CPU
		{328C1C87-1667-4DB5-BF9D-C6F6146794F9}.Release|Any CPU.ActiveCfg = Release|Any CPU
		{328C1C87-1667-4DB5-BF9D-C6F6146794F9}.Release|Any CPU.Build.0 = Release|Any CPU
	EndGlobalSection
	GlobalSection(SolutionProperties) = preSolution
		HideSolutionNode = FALSE
	EndGlobalSection
	GlobalSection(ExtensibilityGlobals) = postSolution
		SolutionGuid = {D65C9409-3877-4F5C-BA25-24EA2FB1C134}
	EndGlobalSection
EndGlobal
